
Microsoft Visual Studio Solution File, Format Version 12.00
# Visual Studio Version 16
VisualStudioVersion = 16.0.28917.181
MinimumVisualStudioVersion = 10.0.40219.1
Project("{FAE04EC0-301F-11D3-BF4B-00C04F79EFBC}") = "SwipeIO_Web_API", "SwipeIO_Web_API\SwipeIO_Web_API.csproj", "{CAF66D98-813D-4006-9AF8-485BE7E8D228}"
EndProject
Global
	GlobalSection(SolutionConfigurationPlatforms) = preSolution
		Debug|Any CPU = Debug|Any CPU
		Release|Any CPU = Release|Any CPU
	EndGlobalSection
	GlobalSection(ProjectConfigurationPlatforms) = postSolution
		{CAF66D98-813D-4006-9AF8-485BE7E8D228}.Debug|Any CPU.ActiveCfg = Debug|Any CPU
		{CAF66D98-813D-4006-9AF8-485BE7E8D228}.Debug|Any CPU.Build.0 = Debug|Any CPU
		{CAF66D98-813D-4006-9AF8-485BE7E8D228}.Release|Any CPU.ActiveCfg = Release|Any CPU
		{CAF66D98-813D-4006-9AF8-485BE7E8D228}.Release|Any CPU.Build.0 = Release|Any CPU
	EndGlobalSection
	GlobalSection(SolutionProperties) = preSolution
		HideSolutionNode = FALSE
	EndGlobalSection
	GlobalSection(ExtensibilityGlobals) = postSolution
		SolutionGuid = {8213CD34-49D3-4BF9-88D3-6D638D34E75C}
	EndGlobalSection
EndGlobal
